
Microsoft Visual Studio Solution File, Format Version 12.00
# Visual Studio Version 17
VisualStudioVersion = 17.8.34330.188
MinimumVisualStudioVersion = 10.0.40219.1
Project("{FAE04EC0-301F-11D3-BF4B-00C04F79EFBC}") = "RunGroupWebApp", "RunGroupWebApp\RunGroupWebApp.csproj", "{0181AE10-8DCB-408C-BDA6-18702E10CCEA}"
EndProject
Global
	GlobalSection(SolutionConfigurationPlatforms) = preSolution
		Debug|Any CPU = Debug|Any CPU
		Release|Any CPU = Release|Any CPU
	EndGlobalSection
	GlobalSection(ProjectConfigurationPlatforms) = postSolution
		{0181AE10-8DCB-408C-BDA6-18702E10CCEA}.Debug|Any CPU.ActiveCfg = Debug|Any CPU
		{0181AE10-8DCB-408C-BDA6-18702E10CCEA}.Debug|Any CPU.Build.0 = Debug|Any CPU
		{0181AE10-8DCB-408C-BDA6-18702E10CCEA}.Release|Any CPU.ActiveCfg = Release|Any CPU
		{0181AE10-8DCB-408C-BDA6-18702E10CCEA}.Release|Any CPU.Build.0 = Release|Any CPU
	EndGlobalSection
	GlobalSection(SolutionProperties) = preSolution
		HideSolutionNode = FALSE
	EndGlobalSection
	GlobalSection(ExtensibilityGlobals) = postSolution
		SolutionGuid = {C8258164-7962-4D6F-8939-1A8292F0FFAB}
	EndGlobalSection
EndGlobal
